#MicroXplorer Configuration settings - do not modify
Mcu.Family=STM32F4
ProjectManager.MainLocation=Core/Src
PA2.GPIO_PuPd=GPIO_NOPULL
VP_TIM5_VS_ClockSourceINT.Mode=Internal
USART2.IPParameters=VirtualMode
RCC.CortexFreq_Value=84000000
ProjectManager.KeepUserCode=true
Mcu.UserName=STM32F401RETx
SPI2.VirtualType=VM_MASTER
PB10.Mode=Full_Duplex_Master
VP_TIM5_VS_ClockSourceINT.Signal=TIM5_VS_ClockSourceINT
TIM1.IPParameters=Channel-Input_Capture1_from_TI1,TIM_MasterSlaveMode
RCC.PLLCLKFreq_Value=84000000
PA14.GPIO_Label=TCK
RCC.PLLQCLKFreq_Value=48000000
PC5.Locked=true
PC7.Locked=true
PA3.GPIO_PuPd=GPIO_NOPULL
ProjectManager.functionlistsort=1-MX_GPIO_Init-GPIO-false-HAL-true,2-MX_DMA_Init-DMA-false-HAL-true,3-SystemClock_Config-RCC-false-HAL-false,4-MX_USART2_UART_Init-USART2-false-HAL-true,5-MX_I2C1_Init-I2C1-false-HAL-true,6-MX_TIM1_Init-TIM1-false-HAL-true,7-MX_TIM2_Init-TIM2-false-HAL-true,8-MX_TIM3_Init-TIM3-false-HAL-true,9-MX_SPI2_Init-SPI2-false-HAL-true,10-MX_TIM4_Init-TIM4-false-HAL-true,11-MX_TIM5_Init-TIM5-false-HAL-true
PA2.GPIO_Speed=GPIO_SPEED_FREQ_LOW
Dma.TIM1_CH1.0.MemDataAlignment=DMA_MDATAALIGN_BYTE
PC3.Locked=true
RCC.RTCFreq_Value=32000
PA3.GPIOParameters=GPIO_Speed,GPIO_PuPd,GPIO_Label,GPIO_Mode
PA6.GPIO_Label=CAM VSYNC
SH.S_TIM1_CH1.ConfNb=2
SH.S_TIM4_CH4.ConfNb=1
PC1.Locked=true
PA3.GPIO_Speed=GPIO_SPEED_FREQ_LOW
PB15.Signal=SPI2_MOSI
PA2.GPIOParameters=GPIO_Speed,GPIO_PuPd,GPIO_Label,GPIO_Mode
PinOutPanel.RotationAngle=0
RCC.SYSCLKSource=RCC_SYSCLKSOURCE_PLLCLK
ProjectManager.StackSize=0x400
PB5.GPIOParameters=GPIO_Label
SH.GPXTI13.0=GPIO_EXTI13
Dma.TIM1_CH1.0.MemInc=DMA_MINC_ENABLE
Mcu.IP4=SPI2
VP_TIM1_VS_ControllerModeReset.Mode=Reset Mode
RCC.FCLKCortexFreq_Value=84000000
Mcu.IP5=SYS
I2C1.IPParameters=ClockSpeed,I2C_Mode
Mcu.IP2=NVIC
NVIC.SVCall_IRQn=true\:0\:0\:false\:false\:true\:false\:false
Mcu.IP3=RCC
PB4.GPIOParameters=GPIO_Label
Mcu.IP0=DMA
Mcu.IP1=I2C1
Mcu.UserConstants=
PH0\ -\ OSC_IN.Signal=RCC_OSC_IN
SH.S_TIM3_CH2.ConfNb=1
I2C1.ClockSpeed=100000
NVIC.TIM5_IRQn=true\:0\:0\:false\:false\:true\:true\:true
SH.GPXTI13.ConfNb=1
Mcu.ThirdPartyNb=0
PH0\ -\ OSC_IN.Locked=true
RCC.HCLKFreq_Value=84000000
Mcu.IPNb=12
RCC.I2SClocksFreq_Value=96000000
TIM2.IPParameters=Channel-PWM Generation1 CH1,Period,Pulse-PWM Generation1 CH1
ProjectManager.PreviousToolchain=
RCC.APB2TimFreq_Value=84000000
PB6.Signal=I2C1_SCL
RCC.VcooutputI2S=96000000
PC7.Signal=GPIO_Input
PB6.Mode=I2C
PC3.Signal=GPIO_Input
PA8.GPIOParameters=GPIO_Label
Mcu.Pin6=PC1
Mcu.Pin7=PC2
Mcu.Pin8=PC3
VP_TIM3_VS_ControllerModeClock.Mode=Clock Mode
Mcu.Pin9=PA0-WKUP
VP_TIM3_VS_ClockSourceITR.Signal=TIM3_VS_ClockSourceITR
RCC.AHBFreq_Value=84000000
SPI2.BaudRatePrescaler=SPI_BAUDRATEPRESCALER_256
Mcu.Pin0=PC13-ANTI_TAMP
Mcu.Pin1=PC14-OSC32_IN
GPIO.groupedBy=Group By Peripherals
Mcu.Pin2=PC15-OSC32_OUT
Mcu.Pin3=PH0 - OSC_IN
Mcu.Pin4=PH1 - OSC_OUT
PA0-WKUP.GPIOParameters=GPIO_Label
Mcu.Pin5=PC0
ProjectManager.ProjectBuild=false
RCC.HSE_VALUE=8000000
TIM3.Channel-Input_Capture1_from_TI1=TIM_CHANNEL_1
NVIC.UsageFault_IRQn=true\:0\:0\:false\:false\:true\:true\:false
NVIC.DebugMonitor_IRQn=true\:0\:0\:false\:false\:true\:true\:false
Mcu.IP10=TIM5
PC13-ANTI_TAMP.Signal=GPXTI13
NVIC.SysTick_IRQn=true\:0\:0\:true\:false\:true\:true\:true
Mcu.IP11=USART2
ProjectManager.FirmwarePackage=STM32Cube FW_F4 V1.26.1
MxDb.Version=DB.6.0.21
ProjectManager.BackupPrevious=false
PC14-OSC32_IN.Mode=LSE-External-Oscillator
RCC.VCOInputFreq_Value=1000000
PA14.Mode=Serial_Wire
PB14.Mode=Full_Duplex_Master
File.Version=6
PB3.GPIOParameters=GPIO_Label
PB7.Signal=I2C1_SDA
PA8.Signal=S_TIM1_CH1
TIM2.Channel-PWM\ Generation1\ CH1=TIM_CHANNEL_1
PB6.Locked=true
NVIC.PendSV_IRQn=true\:0\:0\:false\:false\:true\:false\:false
SH.S_TIM3_CH1.0=TIM3_CH1,Input_Capture1_from_TI1
TIM4.Period=255
VP_TIM3_VS_ClockSourceITR.Mode=TriggerSource_ITR0
Dma.RequestsNb=1
Dma.TIM1_CH1.0.FIFOThreshold=DMA_FIFO_THRESHOLD_FULL
ProjectManager.HalAssertFull=false
VP_TIM1_VS_ClockSourceINT.Mode=Internal
ProjectManager.ProjectName=crowdwatch
PA13.GPIOParameters=GPIO_Label
VP_TIM3_VS_ControllerModeClock.Signal=TIM3_VS_ControllerModeClock
RCC.MCO2PinFreq_Value=84000000
Mcu.Package=LQFP64
PB9.Signal=S_TIM4_CH4
PA6.Signal=S_TIM3_CH1
PA5.Locked=true
SPI2.Mode=SPI_MODE_MASTER
USART2.VirtualMode=VM_ASYNC
PA14.Locked=true
ProjectManager.ToolChainLocation=
PA2.GPIO_Label=USART_TX
RCC.LSI_VALUE=32000
VP_SYS_VS_Systick.Signal=SYS_VS_Systick
PB5.GPIO_Label=SPI_BUSY
RCC.APB1TimFreq_Value=84000000
NVIC.BusFault_IRQn=true\:0\:0\:false\:false\:true\:true\:false
PC4.Locked=true
SPI2.Direction=SPI_DIRECTION_2LINES
PC5.Signal=GPIO_Input
TIM4.Channel-PWM\ Generation4\ CH4=TIM_CHANNEL_4
Dma.Request0=TIM1_CH1
ProjectManager.CustomerFirmwarePackage=
PC14-OSC32_IN.Locked=true
PB3.Locked=true
PB4.Signal=GPIO_Output
PA3.Signal=USART2_RX
PC13-ANTI_TAMP.GPIOParameters=GPIO_PuPd,GPIO_Label,GPIO_ModeDefaultEXTI
PA2.GPIO_Mode=GPIO_MODE_AF_PP
PA2.Locked=true
PB3.GPIO_Label=SWO
PA6.GPIOParameters=GPIO_Label
PC15-OSC32_OUT.Mode=LSE-External-Oscillator
ProjectManager.ProjectFileName=crowdwatch.ioc
TIM5.IPParameters=Period
TIM3.Channel-Input_Capture2_from_TI2=TIM_CHANNEL_2
Mcu.PinsNb=38
PC13-ANTI_TAMP.GPIO_PuPd=GPIO_NOPULL
ProjectManager.NoMain=false
PC13-ANTI_TAMP.GPIO_Label=B1 [Blue PushButton]
SH.S_TIM4_CH4.0=TIM4_CH4,PWM Generation4 CH4
PH1\ -\ OSC_OUT.Mode=HSE-External-Clock-Source
PC2.Signal=GPIO_Input
PC4.Signal=GPIO_Input
PC6.Signal=GPIO_Input
ProjectManager.DefaultFWLocation=true
Dma.TIM1_CH1.0.FIFOMode=DMA_FIFOMODE_ENABLE
NVIC.DMA2_Stream1_IRQn=true\:0\:0\:false\:false\:true\:false\:true
ProjectManager.DeletePrevious=true
PC0.Signal=GPIO_Input
RCC.APB1CLKDivider=RCC_HCLK_DIV2
PC14-OSC32_IN.Signal=RCC_OSC32_IN
boardIOC=true
Dma.TIM1_CH1.0.PeriphDataAlignment=DMA_PDATAALIGN_BYTE
PH1\ -\ OSC_OUT.Locked=true
SH.S_TIM2_CH1_ETR.ConfNb=1
Dma.TIM1_CH1.0.Priority=DMA_PRIORITY_VERY_HIGH
PA0-WKUP.GPIO_Label=CAM XCLK
PA0-WKUP.Signal=S_TIM2_CH1_ETR
TIM2.Pulse-PWM\ Generation1\ CH1=4
Dma.TIM1_CH1.0.PeriphInc=DMA_PINC_DISABLE
PA3.Mode=Asynchronous
PA13.Signal=SYS_JTMS-SWDIO
PH0\ -\ OSC_IN.Mode=HSE-External-Clock-Source
Dma.TIM1_CH1.0.Mode=DMA_CIRCULAR
PA8.GPIO_Label=CAM PCLK
PC15-OSC32_OUT.Locked=true
SH.S_TIM1_CH1.0=TIM1_CH1,TriggerSource_TI1FP1
SH.S_TIM1_CH1.1=TIM1_CH1,Input_Capture1_from_TI1
VP_TIM4_VS_ClockSourceINT.Signal=TIM4_VS_ClockSourceINT
ProjectManager.TargetToolchain=STM32CubeIDE
TIM4.IPParameters=Period,Channel-PWM Generation4 CH4,OCFastMode_PWM-PWM Generation4 CH4,Prescaler
Dma.TIM1_CH1.0.PeriphBurst=DMA_PBURST_SINGLE
I2C1.I2C_Mode=I2C_Standard
PA3.GPIO_Mode=GPIO_MODE_AF_PP
PC6.Locked=true
VP_TIM1_VS_ClockSourceINT.Signal=TIM1_VS_ClockSourceINT
PB5.Locked=true
PB9.Locked=true
SPI2.IPParameters=VirtualType,Mode,Direction,BaudRatePrescaler
PC2.Locked=true
ProjectManager.RegisterCallBack=TIM
TIM4.Prescaler=0
PC15-OSC32_OUT.Signal=RCC_OSC32_OUT
PB10.Signal=SPI2_SCK
RCC.VCOI2SOutputFreq_Value=192000000
PB14.Signal=SPI2_MISO
PA5.Signal=GPIO_Output
SH.S_TIM3_CH2.0=TIM3_CH2,Input_Capture2_from_TI2
PH1\ -\ OSC_OUT.Signal=RCC_OSC_OUT
board=NUCLEO-F401RE
RCC.VCOOutputFreq_Value=336000000
PC13-ANTI_TAMP.Locked=true
ProjectManager.LastFirmware=true
PB15.Mode=Full_Duplex_Master
NVIC.TIM3_IRQn=true\:0\:0\:false\:false\:true\:true\:true
RCC.APB2Freq_Value=84000000
MxCube.Version=6.2.1
PB4.GPIO_Label=SPI_CS
Mcu.Pin37=VP_TIM5_VS_ClockSourceINT
Mcu.Pin35=VP_TIM3_VS_ClockSourceITR
Mcu.Pin36=VP_TIM4_VS_ClockSourceINT
TIM4.OCFastMode_PWM-PWM\ Generation4\ CH4=TIM_OCFAST_ENABLE
Mcu.Pin30=PB9
VP_SYS_VS_Systick.Mode=SysTick
TIM3.ICPolarity_CH2=TIM_INPUTCHANNELPOLARITY_FALLING
TIM3.ICPolarity_CH1=TIM_INPUTCHANNELPOLARITY_BOTHEDGE
Mcu.Pin33=VP_TIM1_VS_ClockSourceINT
TIM3.IPParameters=Channel-Input_Capture1_from_TI1,Channel-Input_Capture2_from_TI2,ICPolarity_CH2,ICPolarity_CH1
Mcu.Pin34=VP_TIM3_VS_ControllerModeClock
Mcu.Pin31=VP_SYS_VS_Systick
Mcu.Pin32=VP_TIM1_VS_ControllerModeReset
NVIC.NonMaskableInt_IRQn=true\:0\:0\:false\:false\:true\:true\:false
TIM2.Period=7
PA13.Mode=Serial_Wire
ProjectManager.FreePins=false
RCC.IPParameters=48MHZClocksFreq_Value,AHBFreq_Value,APB1CLKDivider,APB1Freq_Value,APB1TimFreq_Value,APB2Freq_Value,APB2TimFreq_Value,CortexFreq_Value,FCLKCortexFreq_Value,HCLKFreq_Value,HSE_VALUE,HSI_VALUE,I2SClocksFreq_Value,LSI_VALUE,MCO2PinFreq_Value,PLLCLKFreq_Value,PLLN,PLLP,PLLQ,PLLQCLKFreq_Value,RTCFreq_Value,RTCHSEDivFreq_Value,SYSCLKFreq_VALUE,SYSCLKSource,VCOI2SOutputFreq_Value,VCOInputFreq_Value,VCOOutputFreq_Value,VcooutputI2S
ProjectManager.AskForMigrate=true
Mcu.Name=STM32F401R(D-E)Tx
Mcu.Pin26=PB4
Mcu.Pin27=PB5
RCC.RTCHSEDivFreq_Value=4000000
PA2.Signal=USART2_TX
PA13.GPIO_Label=TMS
Mcu.Pin24=PA14
ProjectManager.UnderRoot=true
Mcu.Pin25=PB3
Mcu.IP8=TIM3
Mcu.IP9=TIM4
Mcu.Pin28=PB6
Dma.TIM1_CH1.0.Direction=DMA_PERIPH_TO_MEMORY
Mcu.IP6=TIM1
Mcu.Pin29=PB7
Mcu.IP7=TIM2
ProjectManager.CoupleFile=false
PB4.Locked=true
RCC.48MHZClocksFreq_Value=48000000
PB3.Signal=SYS_JTDO-SWO
RCC.SYSCLKFreq_VALUE=84000000
PB5.Signal=GPIO_Input
Mcu.Pin22=PA8
Mcu.Pin23=PA13
Dma.TIM1_CH1.0.Instance=DMA2_Stream1
PA7.GPIO_Label=CAM HSYNC
Mcu.Pin20=PC6
PA3.Locked=true
Mcu.Pin21=PC7
NVIC.ForceEnableDMAVector=true
KeepUserPlacement=false
VP_TIM1_VS_ControllerModeReset.Signal=TIM1_VS_ControllerModeReset
TIM1.Channel-Input_Capture1_from_TI1=TIM_CHANNEL_1
PA14.GPIOParameters=GPIO_Label
NVIC.MemoryManagement_IRQn=true\:0\:0\:false\:false\:true\:true\:false
PA13.Locked=true
ProjectManager.CompilerOptimize=6
PC13-ANTI_TAMP.GPIO_ModeDefaultEXTI=GPIO_MODE_IT_FALLING
Dma.TIM1_CH1.0.MemBurst=DMA_MBURST_INC16
PB7.Mode=I2C
SH.S_TIM2_CH1_ETR.0=TIM2_CH1,PWM Generation1 CH1
PA14.Signal=SYS_JTCK-SWCLK
ProjectManager.HeapSize=0x200
Mcu.Pin15=PC4
NVIC.HardFault_IRQn=true\:0\:0\:false\:false\:true\:true\:false
Mcu.Pin16=PC5
Mcu.Pin13=PA6
Mcu.Pin14=PA7
Mcu.Pin19=PB15
SH.S_TIM3_CH1.ConfNb=1
ProjectManager.ComputerToolchain=false
Mcu.Pin17=PB10
RCC.HSI_VALUE=16000000
Mcu.Pin18=PB14
VP_TIM4_VS_ClockSourceINT.Mode=Internal
RCC.PLLP=RCC_PLLP_DIV4
RCC.PLLQ=7
NVIC.PriorityGroup=NVIC_PRIORITYGROUP_0
Mcu.Pin11=PA3
Mcu.Pin12=PA5
RCC.PLLN=336
Mcu.Pin10=PA2
PA2.Mode=Asynchronous
Dma.TIM1_CH1.0.RequestParameters=Instance,Direction,PeriphInc,MemInc,PeriphDataAlignment,MemDataAlignment,Mode,Priority,FIFOMode,FIFOThreshold,MemBurst,PeriphBurst
TIM5.Period=10500
RCC.APB1Freq_Value=42000000
PA7.GPIOParameters=GPIO_Label
PC0.Locked=true
ProjectManager.DeviceId=STM32F401RETx
PC1.Signal=GPIO_Input
ProjectManager.LibraryCopy=1
TIM1.TIM_MasterSlaveMode=TIM_MASTERSLAVEMODE_ENABLE
PA3.GPIO_Label=USART_RX
PA7.Signal=S_TIM3_CH2
isbadioc=false
